
Microsoft Visual Studio Solution File, Format Version 12.00
# Visual Studio Version 17
VisualStudioVersion = 17.3.32929.385
MinimumVisualStudioVersion = 10.0.40219.1
Project("{9A19103F-16F7-4668-BE54-9A1E7A4F7556}") = "ColorCode.Wpf", "ColorCode.Wpf\ColorCode.Wpf.csproj", "{1E3F19C0-5B44-45F2-BD04-4EB5B1D2B118}"
EndProject
Project("{9A19103F-16F7-4668-BE54-9A1E7A4F7556}") = "ColorCode.Wpf.Sample", "ColorCode.Wpf.Sample\ColorCode.Wpf.Sample.csproj", "{F1C0CB11-988C-4530-AD31-4844A47A0836}"
EndProject
Global
	GlobalSection(SolutionConfigurationPlatforms) = preSolution
		Debug|Any CPU = Debug|Any CPU
		Release|Any CPU = Release|Any CPU
	EndGlobalSection
	GlobalSection(ProjectConfigurationPlatforms) = postSolution
		{1E3F19C0-5B44-45F2-BD04-4EB5B1D2B118}.Debug|Any CPU.ActiveCfg = Debug|Any CPU
		{1E3F19C0-5B44-45F2-BD04-4EB5B1D2B118}.Debug|Any CPU.Build.0 = Debug|Any CPU
		{1E3F19C0-5B44-45F2-BD04-4EB5B1D2B118}.Release|Any CPU.ActiveCfg = Release|Any CPU
		{1E3F19C0-5B44-45F2-BD04-4EB5B1D2B118}.Release|Any CPU.Build.0 = Release|Any CPU
		{F1C0CB11-988C-4530-AD31-4844A47A0836}.Debug|Any CPU.ActiveCfg = Debug|Any CPU
		{F1C0CB11-988C-4530-AD31-4844A47A0836}.Debug|Any CPU.Build.0 = Debug|Any CPU
		{F1C0CB11-988C-4530-AD31-4844A47A0836}.Release|Any CPU.ActiveCfg = Release|Any CPU
		{F1C0CB11-988C-4530-AD31-4844A47A0836}.Release|Any CPU.Build.0 = Release|Any CPU
	EndGlobalSection
	GlobalSection(SolutionProperties) = preSolution
		HideSolutionNode = FALSE
	EndGlobalSection
	GlobalSection(ExtensibilityGlobals) = postSolution
		SolutionGuid = {2652159C-B83C-4A2D-89E4-C244A6306767}
	EndGlobalSection
EndGlobal
